// !$*UTF8*$!
{
	archiveVersion = 1;
	classes = {
	};
	objectVersion = 56;
	objects = {

/* Begin PBXBuildFile section */
		981056FB295487E40019BBBB /* pharmacyTableViewCell.swift in Sources */ = {isa = PBXBuildFile; fileRef = 981056FA295487E40019BBBB /* pharmacyTableViewCell.swift */; };
		981056FD295489740019BBBB /* PharmacyInfoViewController.swift in Sources */ = {isa = PBXBuildFile; fileRef = 981056FC295489740019BBBB /* PharmacyInfoViewController.swift */; };
		981057032954B2BC0019BBBB /* ApiService.swift in Sources */ = {isa = PBXBuildFile; fileRef = 981057022954B2BC0019BBBB /* ApiService.swift */; };
		981057052954B30B0019BBBB /* ApiServiceHelper.swift in Sources */ = {isa = PBXBuildFile; fileRef = 981057042954B30B0019BBBB /* ApiServiceHelper.swift */; };
		987C4BB6293CFA07005A7770 /* AppDelegate.swift in Sources */ = {isa = PBXBuildFile; fileRef = 987C4BB5293CFA07005A7770 /* AppDelegate.swift */; };
		987C4BB8293CFA07005A7770 /* SceneDelegate.swift in Sources */ = {isa = PBXBuildFile; fileRef = 987C4BB7293CFA07005A7770 /* SceneDelegate.swift */; };
		987C4BBA293CFA07005A7770 /* PharmacyViewController.swift in Sources */ = {isa = PBXBuildFile; fileRef = 987C4BB9293CFA07005A7770 /* PharmacyViewController.swift */; };
		987C4BBD293CFA07005A7770 /* Main.storyboard in Resources */ = {isa = PBXBuildFile; fileRef = 987C4BBB293CFA07005A7770 /* Main.storyboard */; };
		987C4BBF293CFA08005A7770 /* Assets.xcassets in Resources */ = {isa = PBXBuildFile; fileRef = 987C4BBE293CFA08005A7770 /* Assets.xcassets */; };
		987C4BC2293CFA08005A7770 /* LaunchScreen.storyboard in Resources */ = {isa = PBXBuildFile; fileRef = 987C4BC0293CFA08005A7770 /* LaunchScreen.storyboard */; };
		987C4BD0293D0B09005A7770 /* GoodsModel.swift in Sources */ = {isa = PBXBuildFile; fileRef = 987C4BCF293D0B09005A7770 /* GoodsModel.swift */; };
/* End PBXBuildFile section */

/* Begin PBXFileReference section */
		981056FA295487E40019BBBB /* pharmacyTableViewCell.swift */ = {isa = PBXFileReference; lastKnownFileType = sourcecode.swift; path = pharmacyTableViewCell.swift; sourceTree = "<group>"; };
		981056FC295489740019BBBB /* PharmacyInfoViewController.swift */ = {isa = PBXFileReference; lastKnownFileType = sourcecode.swift; path = PharmacyInfoViewController.swift; sourceTree = "<group>"; };
		981057022954B2BC0019BBBB /* ApiService.swift */ = {isa = PBXFileReference; lastKnownFileType = sourcecode.swift; path = ApiService.swift; sourceTree = "<group>"; };
		981057042954B30B0019BBBB /* ApiServiceHelper.swift */ = {isa = PBXFileReference; lastKnownFileType = sourcecode.swift; path = ApiServiceHelper.swift; sourceTree = "<group>"; };
		987C4BB2293CFA07005A7770 /* Pharmacy_IOS.app */ = {isa = PBXFileReference; explicitFileType = wrapper.application; includeInIndex = 0; path = Pharmacy_IOS.app; sourceTree = BUILT_PRODUCTS_DIR; };
		987C4BB5293CFA07005A7770 /* AppDelegate.swift */ = {isa = PBXFileReference; lastKnownFileType = sourcecode.swift; path = AppDelegate.swift; sourceTree = "<group>"; };
		987C4BB7293CFA07005A7770 /* SceneDelegate.swift */ = {isa = PBXFileReference; lastKnownFileType = sourcecode.swift; path = SceneDelegate.swift; sourceTree = "<group>"; };
		987C4BB9293CFA07005A7770 /* PharmacyViewController.swift */ = {isa = PBXFileReference; lastKnownFileType = sourcecode.swift; path = PharmacyViewController.swift; sourceTree = "<group>"; };
		987C4BBC293CFA07005A7770 /* Base */ = {isa = PBXFileReference; lastKnownFileType = file.storyboard; name = Base; path = Base.lproj/Main.storyboard; sourceTree = "<group>"; };
		987C4BBE293CFA08005A7770 /* Assets.xcassets */ = {isa = PBXFileReference; lastKnownFileType = folder.assetcatalog; path = Assets.xcassets; sourceTree = "<group>"; };
		987C4BC1293CFA08005A7770 /* Base */ = {isa = PBXFileReference; lastKnownFileType = file.storyboard; name = Base; path = Base.lproj/LaunchScreen.storyboard; sourceTree = "<group>"; };
		987C4BC3293CFA08005A7770 /* Info.plist */ = {isa = PBXFileReference; lastKnownFileType = text.plist.xml; path = Info.plist; sourceTree = "<group>"; };
		987C4BCF293D0B09005A7770 /* GoodsModel.swift */ = {isa = PBXFileReference; lastKnownFileType = sourcecode.swift; path = GoodsModel.swift; sourceTree = "<group>"; };
/* End PBXFileReference section */

/* Begin PBXFrameworksBuildPhase section */
		987C4BAF293CFA07005A7770 /* Frameworks */ = {
			isa = PBXFrameworksBuildPhase;
			buildActionMask = 2147483647;
			files = (
			);
			runOnlyForDeploymentPostprocessing = 0;
		};
/* End PBXFrameworksBuildPhase section */

/* Begin PBXGroup section */
		987C4BA9293CFA07005A7770 = {
			isa = PBXGroup;
			children = (
				987C4BB4293CFA07005A7770 /* Pharmacy_IOS */,
				987C4BB3293CFA07005A7770 /* Products */,
			);
			sourceTree = "<group>";
		};
		987C4BB3293CFA07005A7770 /* Products */ = {
			isa = PBXGroup;
			children = (
				987C4BB2293CFA07005A7770 /* Pharmacy_IOS.app */,
			);
			name = Products;
			sourceTree = "<group>";
		};
		987C4BB4293CFA07005A7770 /* Pharmacy_IOS */ = {
			isa = PBXGroup;
			children = (
				987C4BCC293CFA7A005A7770 /* utils */,
				987C4BC9293CFA46005A7770 /* app */,
				987C4BB7293CFA07005A7770 /* SceneDelegate.swift */,
				987C4BC0293CFA08005A7770 /* LaunchScreen.storyboard */,
			);
			path = Pharmacy_IOS;
			sourceTree = "<group>";
		};
		987C4BC9293CFA46005A7770 /* app */ = {
			isa = PBXGroup;
			children = (
				987C4BCB293CFA6D005A7770 /* apiService */,
				987C4BCA293CFA5E005A7770 /* ViewController */,
			);
			path = app;
			sourceTree = "<group>";
		};
		987C4BCA293CFA5E005A7770 /* ViewController */ = {
			isa = PBXGroup;
			children = (
				987C4BB9293CFA07005A7770 /* PharmacyViewController.swift */,
				981056FA295487E40019BBBB /* pharmacyTableViewCell.swift */,
				981056FC295489740019BBBB /* PharmacyInfoViewController.swift */,
			);
			path = ViewController;
			sourceTree = "<group>";
		};
		987C4BCB293CFA6D005A7770 /* apiService */ = {
			isa = PBXGroup;
			children = (
				987C4BCF293D0B09005A7770 /* GoodsModel.swift */,
				981057022954B2BC0019BBBB /* ApiService.swift */,
				981057042954B30B0019BBBB /* ApiServiceHelper.swift */,
			);
			path = apiService;
			sourceTree = "<group>";
		};
		987C4BCC293CFA7A005A7770 /* utils */ = {
			isa = PBXGroup;
			children = (
				987C4BBE293CFA08005A7770 /* Assets.xcassets */,
				987C4BC3293CFA08005A7770 /* Info.plist */,
				987C4BBB293CFA07005A7770 /* Main.storyboard */,
				987C4BB5293CFA07005A7770 /* AppDelegate.swift */,
			);
			path = utils;
			sourceTree = "<group>";
		};
/* End PBXGroup section */

/* Begin PBXNativeTarget section */
		987C4BB1293CFA07005A7770 /* Pharmacy_IOS */ = {
			isa = PBXNativeTarget;
			buildConfigurationList = 987C4BC6293CFA08005A7770 /* Build configuration list for PBXNativeTarget "Pharmacy_IOS" */;
			buildPhases = (
				987C4BAE293CFA07005A7770 /* Sources */,
				987C4BAF293CFA07005A7770 /* Frameworks */,
				987C4BB0293CFA07005A7770 /* Resources */,
			);
			buildRules = (
			);
			dependencies = (
			);
			name = Pharmacy_IOS;
			productName = Pharmacy_IOS;
			productReference = 987C4BB2293CFA07005A7770 /* Pharmacy_IOS.app */;
			productType = "com.apple.product-type.application";
		};
/* End PBXNativeTarget section */

/* Begin PBXProject section */
		987C4BAA293CFA07005A7770 /* Project object */ = {
			isa = PBXProject;
			attributes = {
				BuildIndependentTargetsInParallel = 1;
				LastSwiftUpdateCheck = 1410;
				LastUpgradeCheck = 1410;
				TargetAttributes = {
					987C4BB1293CFA07005A7770 = {
						CreatedOnToolsVersion = 14.1;
					};
				};
			};
			buildConfigurationList = 987C4BAD293CFA07005A7770 /* Build configuration list for PBXProject "Pharmacy_IOS" */;
			compatibilityVersion = "Xcode 14.0";
			developmentRegion = en;
			hasScannedForEncodings = 0;
			knownRegions = (
				en,
				Base,
			);
			mainGroup = 987C4BA9293CFA07005A7770;
			productRefGroup = 987C4BB3293CFA07005A7770 /* Products */;
			projectDirPath = "";
			projectRoot = "";
			targets = (
				987C4BB1293CFA07005A7770 /* Pharmacy_IOS */,
			);
		};
/* End PBXProject section */

/* Begin PBXResourcesBuildPhase section */
		987C4BB0293CFA07005A7770 /* Resources */ = {
			isa = PBXResourcesBuildPhase;
			buildActionMask = 2147483647;
			files = (
				987C4BC2293CFA08005A7770 /* LaunchScreen.storyboard in Resources */,
				987C4BBF293CFA08005A7770 /* Assets.xcassets in Resources */,
				987C4BBD293CFA07005A7770 /* Main.storyboard in Resources */,
			);
			runOnlyForDeploymentPostprocessing = 0;
		};
/* End PBXResourcesBuildPhase section */

/* Begin PBXSourcesBuildPhase section */
		987C4BAE293CFA07005A7770 /* Sources */ = {
			isa = PBXSourcesBuildPhase;
			buildActionMask = 2147483647;
			files = (
				981056FB295487E40019BBBB /* pharmacyTableViewCell.swift in Sources */,
				987C4BBA293CFA07005A7770 /* PharmacyViewController.swift in Sources */,
				981056FD295489740019BBBB /* PharmacyInfoViewController.swift in Sources */,
				987C4BB6293CFA07005A7770 /* AppDelegate.swift in Sources */,
				981057052954B30B0019BBBB /* ApiServiceHelper.swift in Sources */,
				987C4BD0293D0B09005A7770 /* GoodsModel.swift in Sources */,
				981057032954B2BC0019BBBB /* ApiService.swift in Sources */,
				987C4BB8293CFA07005A7770 /* SceneDelegate.swift in Sources */,
			);
			runOnlyForDeploymentPostprocessing = 0;
		};
/* End PBXSourcesBuildPhase section */

/* Begin PBXVariantGroup section */
		987C4BBB293CFA07005A7770 /* Main.storyboard */ = {
			isa = PBXVariantGroup;
			children = (
				987C4BBC293CFA07005A7770 /* Base */,
			);
			name = Main.storyboard;
			sourceTree = "<group>";
		};
		987C4BC0293CFA08005A7770 /* LaunchScreen.storyboard */ = {
			isa = PBXVariantGroup;
			children = (
				987C4BC1293CFA08005A7770 /* Base */,
			);
			name = LaunchScreen.storyboard;
			sourceTree = "<group>";
		};
/* End PBXVariantGroup section */

/* Begin XCBuildConfiguration section */
		987C4BC4293CFA08005A7770 /* Debug */ = {
			isa = XCBuildConfiguration;
			buildSettings = {
				ALWAYS_SEARCH_USER_PATHS = NO;
				CLANG_ANALYZER_NONNULL = YES;
				CLANG_ANALYZER_NUMBER_OBJECT_CONVERSION = YES_AGGRESSIVE;
				CLANG_CXX_LANGUAGE_STANDARD = "gnu++20";
				CLANG_ENABLE_MODULES = YES;
				CLANG_ENABLE_OBJC_ARC = YES;
				CLANG_ENABLE_OBJC_WEAK = YES;
				CLANG_WARN_BLOCK_CAPTURE_AUTORELEASING = YES;
				CLANG_WARN_BOOL_CONVERSION = YES;
				CLANG_WARN_COMMA = YES;
				CLANG_WARN_CONSTANT_CONVERSION = YES;
				CLANG_WARN_DEPRECATED_OBJC_IMPLEMENTATIONS = YES;
				CLANG_WARN_DIRECT_OBJC_ISA_USAGE = YES_ERROR;
				CLANG_WARN_DOCUMENTATION_COMMENTS = YES;
				CLANG_WARN_EMPTY_BODY = YES;
				CLANG_WARN_ENUM_CONVERSION = YES;
				CLANG_WARN_INFINITE_RECURSION = YES;
				CLANG_WARN_INT_CONVERSION = YES;
				CLANG_WARN_NON_LITERAL_NULL_CONVERSION = YES;
				CLANG_WARN_OBJC_IMPLICIT_RETAIN_SELF = YES;
				CLANG_WARN_OBJC_LITERAL_CONVERSION = YES;
				CLANG_WARN_OBJC_ROOT_CLASS = YES_ERROR;
				CLANG_WARN_QUOTED_INCLUDE_IN_FRAMEWORK_HEADER = YES;
				CLANG_WARN_RANGE_LOOP_ANALYSIS = YES;
				CLANG_WARN_STRICT_PROTOTYPES = YES;
				CLANG_WARN_SUSPICIOUS_MOVE = YES;
				CLANG_WARN_UNGUARDED_AVAILABILITY = YES_AGGRESSIVE;
				CLANG_WARN_UNREACHABLE_CODE = YES;
				CLANG_WARN__DUPLICATE_METHOD_MATCH = YES;
				COPY_PHASE_STRIP = NO;
				DEBUG_INFORMATION_FORMAT = dwarf;
				ENABLE_STRICT_OBJC_MSGSEND = YES;
				ENABLE_TESTABILITY = YES;
				GCC_C_LANGUAGE_STANDARD = gnu11;
				GCC_DYNAMIC_NO_PIC = NO;
				GCC_NO_COMMON_BLOCKS = YES;
				GCC_OPTIMIZATION_LEVEL = 0;
				GCC_PREPROCESSOR_DEFINITIONS = (
					"DEBUG=1",
					"$(inherited)",
				);
				GCC_WARN_64_TO_32_BIT_CONVERSION = YES;
				GCC_WARN_ABOUT_RETURN_TYPE = YES_ERROR;
				GCC_WARN_UNDECLARED_SELECTOR = YES;
				GCC_WARN_UNINITIALIZED_AUTOS = YES_AGGRESSIVE;
				GCC_WARN_UNUSED_FUNCTION = YES;
				GCC_WARN_UNUSED_VARIABLE = YES;
				IPHONEOS_DEPLOYMENT_TARGET = 16.1;
				MTL_ENABLE_DEBUG_INFO = INCLUDE_SOURCE;
				MTL_FAST_MATH = YES;
				ONLY_ACTIVE_ARCH = YES;
				SDKROOT = iphoneos;
				SWIFT_ACTIVE_COMPILATION_CONDITIONS = DEBUG;
				SWIFT_OPTIMIZATION_LEVEL = "-Onone";
			};
			name = Debug;
		};
		987C4BC5293CFA08005A7770 /* Release */ = {
			isa = XCBuildConfiguration;
			buildSettings = {
				ALWAYS_SEARCH_USER_PATHS = NO;
				CLANG_ANALYZER_NONNULL = YES;
				CLANG_ANALYZER_NUMBER_OBJECT_CONVERSION = YES_AGGRESSIVE;
				CLANG_CXX_LANGUAGE_STANDARD = "gnu++20";
				CLANG_ENABLE_MODULES = YES;
				CLANG_ENABLE_OBJC_ARC = YES;
				CLANG_ENABLE_OBJC_WEAK = YES;
				CLANG_WARN_BLOCK_CAPTURE_AUTORELEASING = YES;
				CLANG_WARN_BOOL_CONVERSION = YES;
				CLANG_WARN_COMMA = YES;
				CLANG_WARN_CONSTANT_CONVERSION = YES;
				CLANG_WARN_DEPRECATED_OBJC_IMPLEMENTATIONS = YES;
				CLANG_WARN_DIRECT_OBJC_ISA_USAGE = YES_ERROR;
				CLANG_WARN_DOCUMENTATION_COMMENTS = YES;
				CLANG_WARN_EMPTY_BODY = YES;
				CLANG_WARN_ENUM_CONVERSION = YES;
				CLANG_WARN_INFINITE_RECURSION = YES;
				CLANG_WARN_INT_CONVERSION = YES;
				CLANG_WARN_NON_LITERAL_NULL_CONVERSION = YES;
				CLANG_WARN_OBJC_IMPLICIT_RETAIN_SELF = YES;
				CLANG_WARN_OBJC_LITERAL_CONVERSION = YES;
				CLANG_WARN_OBJC_ROOT_CLASS = YES_ERROR;
				CLANG_WARN_QUOTED_INCLUDE_IN_FRAMEWORK_HEADER = YES;
				CLANG_WARN_RANGE_LOOP_ANALYSIS = YES;
				CLANG_WARN_STRICT_PROTOTYPES = YES;
				CLANG_WARN_SUSPICIOUS_MOVE = YES;
				CLANG_WARN_UNGUARDED_AVAILABILITY = YES_AGGRESSIVE;
				CLANG_WARN_UNREACHABLE_CODE = YES;
				CLANG_WARN__DUPLICATE_METHOD_MATCH = YES;
				COPY_PHASE_STRIP = NO;
				DEBUG_INFORMATION_FORMAT = "dwarf-with-dsym";
				ENABLE_NS_ASSERTIONS = NO;
				ENABLE_STRICT_OBJC_MSGSEND = YES;
				GCC_C_LANGUAGE_STANDARD = gnu11;
				GCC_NO_COMMON_BLOCKS = YES;
				GCC_WARN_64_TO_32_BIT_CONVERSION = YES;
				GCC_WARN_ABOUT_RETURN_TYPE = YES_ERROR;
				GCC_WARN_UNDECLARED_SELECTOR = YES;
				GCC_WARN_UNINITIALIZED_AUTOS = YES_AGGRESSIVE;
				GCC_WARN_UNUSED_FUNCTION = YES;
				GCC_WARN_UNUSED_VARIABLE = YES;
				IPHONEOS_DEPLOYMENT_TARGET = 16.1;
				MTL_ENABLE_DEBUG_INFO = NO;
				MTL_FAST_MATH = YES;
				SDKROOT = iphoneos;
				SWIFT_COMPILATION_MODE = wholemodule;
				SWIFT_OPTIMIZATION_LEVEL = "-O";
				VALIDATE_PRODUCT = YES;
			};
			name = Release;
		};
		987C4BC7293CFA08005A7770 /* Debug */ = {
			isa = XCBuildConfiguration;
			buildSettings = {
				ASSETCATALOG_COMPILER_APPICON_NAME = AppIcon;
				ASSETCATALOG_COMPILER_GLOBAL_ACCENT_COLOR_NAME = AccentColor;
				CODE_SIGN_STYLE = Automatic;
				CURRENT_PROJECT_VERSION = 1;
				DEVELOPMENT_TEAM = SLBGVT4979;
				GENERATE_INFOPLIST_FILE = YES;
				INFOPLIST_FILE = Pharmacy_IOS/utils/Info.plist;
				INFOPLIST_KEY_UIApplicationSupportsIndirectInputEvents = YES;
				INFOPLIST_KEY_UILaunchStoryboardName = LaunchScreen;
				INFOPLIST_KEY_UIMainStoryboardFile = Main;
				INFOPLIST_KEY_UISupportedInterfaceOrientations_iPad = "UIInterfaceOrientationPortrait UIInterfaceOrientationPortraitUpsideDown UIInterfaceOrientationLandscapeLeft UIInterfaceOrientationLandscapeRight";
				INFOPLIST_KEY_UISupportedInterfaceOrientations_iPhone = "UIInterfaceOrientationPortrait UIInterfaceOrientationLandscapeLeft UIInterfaceOrientationLandscapeRight";
				IPHONEOS_DEPLOYMENT_TARGET = 15.0;
				"IPHONEOS_DEPLOYMENT_TARGET[sdk=iphoneos*]" = 16.1;
				LD_RUNPATH_SEARCH_PATHS = (
					"$(inherited)",
					"@executable_path/Frameworks",
				);
				MARKETING_VERSION = 1.0;
				PRODUCT_BUNDLE_IDENTIFIER = "v.Kovalenko.Pharmacy-IOS";
				PRODUCT_NAME = "$(TARGET_NAME)";
				SUPPORTED_PLATFORMS = "iphoneos iphonesimulator";
				SUPPORTS_MACCATALYST = NO;
				SUPPORTS_MAC_DESIGNED_FOR_IPHONE_IPAD = NO;
				SWIFT_EMIT_LOC_STRINGS = YES;
				SWIFT_VERSION = 5.0;
				TARGETED_DEVICE_FAMILY = 1;
			};
			name = Debug;
		};
		987C4BC8293CFA08005A7770 /* Release */ = {
			isa = XCBuildConfiguration;
			buildSettings = {
				ASSETCATALOG_COMPILER_APPICON_NAME = AppIcon;
				ASSETCATALOG_COMPILER_GLOBAL_ACCENT_COLOR_NAME = AccentColor;
				CODE_SIGN_STYLE = Automatic;
				CURRENT_PROJECT_VERSION = 1;
				DEVELOPMENT_TEAM = SLBGVT4979;
				GENERATE_INFOPLIST_FILE = YES;
				INFOPLIST_FILE = Pharmacy_IOS/utils/Info.plist;
				INFOPLIST_KEY_UIApplicationSupportsIndirectInputEvents = YES;
				INFOPLIST_KEY_UILaunchStoryboardName = LaunchScreen;
				INFOPLIST_KEY_UIMainStoryboardFile = Main;
				INFOPLIST_KEY_UISupportedInterfaceOrientations_iPad = "UIInterfaceOrientationPortrait UIInterfaceOrientationPortraitUpsideDown UIInterfaceOrientationLandscapeLeft UIInterfaceOrientationLandscapeRight";
				INFOPLIST_KEY_UISupportedInterfaceOrientations_iPhone = "UIInterfaceOrientationPortrait UIInterfaceOrientationLandscapeLeft UIInterfaceOrientationLandscapeRight";
				IPHONEOS_DEPLOYMENT_TARGET = 15.0;
				"IPHONEOS_DEPLOYMENT_TARGET[sdk=iphoneos*]" = 16.1;
				LD_RUNPATH_SEARCH_PATHS = (
					"$(inherited)",
					"@executable_path/Frameworks",
				);
				MARKETING_VERSION = 1.0;
				PRODUCT_BUNDLE_IDENTIFIER = "v.Kovalenko.Pharmacy-IOS";
				PRODUCT_NAME = "$(TARGET_NAME)";
				SUPPORTED_PLATFORMS = "iphoneos iphonesimulator";
				SUPPORTS_MACCATALYST = NO;
				SUPPORTS_MAC_DESIGNED_FOR_IPHONE_IPAD = NO;
				SWIFT_EMIT_LOC_STRINGS = YES;
				SWIFT_VERSION = 5.0;
				TARGETED_DEVICE_FAMILY = 1;
			};
			name = Release;
		};
/* End XCBuildConfiguration section */

/* Begin XCConfigurationList section */
		987C4BAD293CFA07005A7770 /* Build configuration list for PBXProject "Pharmacy_IOS" */ = {
			isa = XCConfigurationList;
			buildConfigurations = (
				987C4BC4293CFA08005A7770 /* Debug */,
				987C4BC5293CFA08005A7770 /* Release */,
			);
			defaultConfigurationIsVisible = 0;
			defaultConfigurationName = Release;
		};
		987C4BC6293CFA08005A7770 /* Build configuration list for PBXNativeTarget "Pharmacy_IOS" */ = {
			isa = XCConfigurationList;
			buildConfigurations = (
				987C4BC7293CFA08005A7770 /* Debug */,
				987C4BC8293CFA08005A7770 /* Release */,
			);
			defaultConfigurationIsVisible = 0;
			defaultConfigurationName = Release;
		};
/* End XCConfigurationList section */
	};
	rootObject = 987C4BAA293CFA07005A7770 /* Project object */;
}
